
Microsoft Visual Studio Solution File, Format Version 12.00
# Visual Studio Version 16
VisualStudioVersion = 16.0.29503.13
MinimumVisualStudioVersion = 10.0.40219.1
Project("{FAE04EC0-301F-11D3-BF4B-00C04F79EFBC}") = "CourseWork", "CourseWork.csproj", "{E3DA38A4-8873-4DF4-9CFC-00720E86E30B}"
EndProject
Global
	GlobalSection(SolutionConfigurationPlatforms) = preSolution
		Debug|Any CPU = Debug|Any CPU
		Release|Any CPU = Release|Any CPU
	EndGlobalSection
	GlobalSection(ProjectConfigurationPlatforms) = postSolution
		{E3DA38A4-8873-4DF4-9CFC-00720E86E30B}.Debug|Any CPU.ActiveCfg = Debug|Any CPU
		{E3DA38A4-8873-4DF4-9CFC-00720E86E30B}.Debug|Any CPU.Build.0 = Debug|Any CPU
		{E3DA38A4-8873-4DF4-9CFC-00720E86E30B}.Release|Any CPU.ActiveCfg = Release|Any CPU
		{E3DA38A4-8873-4DF4-9CFC-00720E86E30B}.Release|Any CPU.Build.0 = Release|Any CPU
	EndGlobalSection
	GlobalSection(SolutionProperties) = preSolution
		HideSolutionNode = FALSE
	EndGlobalSection
	GlobalSection(ExtensibilityGlobals) = postSolution
		SolutionGuid = {4F3AF3D4-92F4-4BEF-86C1-400E1171AED9}
	EndGlobalSection
EndGlobal
